
Microsoft Visual Studio Solution File, Format Version 12.00
# Visual Studio Version 16
VisualStudioVersion = 16.0.29215.179
MinimumVisualStudioVersion = 10.0.40219.1
Project("{FAE04EC0-301F-11D3-BF4B-00C04F79EFBC}") = "Bank", "Bank\Bank.csproj", "{692358CE-C441-4D71-A3C2-FB0EDF840971}"
EndProject
Project("{FAE04EC0-301F-11D3-BF4B-00C04F79EFBC}") = "BankTest", "BankTest\BankTest.csproj", "{138A8DA1-0667-4A93-9092-9ED0B3A80C7B}"
EndProject
Global
	GlobalSection(SolutionConfigurationPlatforms) = preSolution
		Debug|Any CPU = Debug|Any CPU
		Release|Any CPU = Release|Any CPU
	EndGlobalSection
	GlobalSection(ProjectConfigurationPlatforms) = postSolution
		{692358CE-C441-4D71-A3C2-FB0EDF840971}.Debug|Any CPU.ActiveCfg = Debug|Any CPU
		{692358CE-C441-4D71-A3C2-FB0EDF840971}.Debug|Any CPU.Build.0 = Debug|Any CPU
		{692358CE-C441-4D71-A3C2-FB0EDF840971}.Release|Any CPU.ActiveCfg = Release|Any CPU
		{692358CE-C441-4D71-A3C2-FB0EDF840971}.Release|Any CPU.Build.0 = Release|Any CPU
		{138A8DA1-0667-4A93-9092-9ED0B3A80C7B}.Debug|Any CPU.ActiveCfg = Debug|Any CPU
		{138A8DA1-0667-4A93-9092-9ED0B3A80C7B}.Debug|Any CPU.Build.0 = Debug|Any CPU
		{138A8DA1-0667-4A93-9092-9ED0B3A80C7B}.Release|Any CPU.ActiveCfg = Release|Any CPU
		{138A8DA1-0667-4A93-9092-9ED0B3A80C7B}.Release|Any CPU.Build.0 = Release|Any CPU
	EndGlobalSection
	GlobalSection(SolutionProperties) = preSolution
		HideSolutionNode = FALSE
	EndGlobalSection
	GlobalSection(ExtensibilityGlobals) = postSolution
		SolutionGuid = {9B709568-210E-4BB5-89BF-18A482AA7DB3}
	EndGlobalSection
EndGlobal
